// !$*UTF8*$!
{
	archiveVersion = 1;
	classes = {
	};
	objectVersion = 50;
	objects = {

/* Begin PBXBuildFile section */
		AA217DCA214A42BB0059F7B1 /* Fahrzeug.swift in Sources */ = {isa = PBXBuildFile; fileRef = AA217DC9214A42BB0059F7B1 /* Fahrzeug.swift */; };
		AA34A4332149432C00115153 /* main.swift in Sources */ = {isa = PBXBuildFile; fileRef = AA34A4322149432C00115153 /* main.swift */; };
		AA34A43A2149442400115153 /* Auto.swift in Sources */ = {isa = PBXBuildFile; fileRef = AA34A4392149442400115153 /* Auto.swift */; };
		AA34A43C2149443000115153 /* Bagger.swift in Sources */ = {isa = PBXBuildFile; fileRef = AA34A43B2149443000115153 /* Bagger.swift */; };
		AA34A43E2149443500115153 /* LKW.swift in Sources */ = {isa = PBXBuildFile; fileRef = AA34A43D2149443500115153 /* LKW.swift */; };
/* End PBXBuildFile section */

/* Begin PBXCopyFilesBuildPhase section */
		AA34A42D2149432C00115153 /* CopyFiles */ = {
			isa = PBXCopyFilesBuildPhase;
			buildActionMask = 2147483647;
			dstPath = /usr/share/man/man1/;
			dstSubfolderSpec = 0;
			files = (
			);
			runOnlyForDeploymentPostprocessing = 1;
		};
/* End PBXCopyFilesBuildPhase section */

/* Begin PBXFileReference section */
		AA217DC9214A42BB0059F7B1 /* Fahrzeug.swift */ = {isa = PBXFileReference; lastKnownFileType = sourcecode.swift; path = Fahrzeug.swift; sourceTree = "<group>"; };
		AA34A42F2149432C00115153 /* Vererbung Grundlagen */ = {isa = PBXFileReference; explicitFileType = "compiled.mach-o.executable"; includeInIndex = 0; path = "Vererbung Grundlagen"; sourceTree = BUILT_PRODUCTS_DIR; };
		AA34A4322149432C00115153 /* main.swift */ = {isa = PBXFileReference; lastKnownFileType = sourcecode.swift; path = main.swift; sourceTree = "<group>"; };
		AA34A4392149442400115153 /* Auto.swift */ = {isa = PBXFileReference; lastKnownFileType = sourcecode.swift; path = Auto.swift; sourceTree = "<group>"; };
		AA34A43B2149443000115153 /* Bagger.swift */ = {isa = PBXFileReference; lastKnownFileType = sourcecode.swift; path = Bagger.swift; sourceTree = "<group>"; };
		AA34A43D2149443500115153 /* LKW.swift */ = {isa = PBXFileReference; lastKnownFileType = sourcecode.swift; path = LKW.swift; sourceTree = "<group>"; };
/* End PBXFileReference section */

/* Begin PBXFrameworksBuildPhase section */
		AA34A42C2149432C00115153 /* Frameworks */ = {
			isa = PBXFrameworksBuildPhase;
			buildActionMask = 2147483647;
			files = (
			);
			runOnlyForDeploymentPostprocessing = 0;
		};
/* End PBXFrameworksBuildPhase section */

/* Begin PBXGroup section */
		AA34A4262149432C00115153 = {
			isa = PBXGroup;
			children = (
				AA34A4312149432C00115153 /* Vererbung Grundlagen */,
				AA34A4302149432C00115153 /* Products */,
			);
			sourceTree = "<group>";
		};
		AA34A4302149432C00115153 /* Products */ = {
			isa = PBXGroup;
			children = (
				AA34A42F2149432C00115153 /* Vererbung Grundlagen */,
			);
			name = Products;
			sourceTree = "<group>";
		};
		AA34A4312149432C00115153 /* Vererbung Grundlagen */ = {
			isa = PBXGroup;
			children = (
				AA34A4322149432C00115153 /* main.swift */,
				AA217DC9214A42BB0059F7B1 /* Fahrzeug.swift */,
				AA34A4392149442400115153 /* Auto.swift */,
				AA34A43B2149443000115153 /* Bagger.swift */,
				AA34A43D2149443500115153 /* LKW.swift */,
			);
			path = "Vererbung Grundlagen";
			sourceTree = "<group>";
		};
/* End PBXGroup section */

/* Begin PBXNativeTarget section */
		AA34A42E2149432C00115153 /* Vererbung Grundlagen */ = {
			isa = PBXNativeTarget;
			buildConfigurationList = AA34A4362149432C00115153 /* Build configuration list for PBXNativeTarget "Vererbung Grundlagen" */;
			buildPhases = (
				AA34A42B2149432C00115153 /* Sources */,
				AA34A42C2149432C00115153 /* Frameworks */,
				AA34A42D2149432C00115153 /* CopyFiles */,
			);
			buildRules = (
			);
			dependencies = (
			);
			name = "Vererbung Grundlagen";
			productName = "Vererbung Grundlagen";
			productReference = AA34A42F2149432C00115153 /* Vererbung Grundlagen */;
			productType = "com.apple.product-type.tool";
		};
/* End PBXNativeTarget section */

/* Begin PBXProject section */
		AA34A4272149432C00115153 /* Project object */ = {
			isa = PBXProject;
			attributes = {
				LastSwiftUpdateCheck = 1000;
				LastUpgradeCheck = 1000;
				ORGANIZATIONNAME = codingenieur;
				TargetAttributes = {
					AA34A42E2149432C00115153 = {
						CreatedOnToolsVersion = 10.0;
						LastSwiftMigration = 1000;
					};
				};
			};
			buildConfigurationList = AA34A42A2149432C00115153 /* Build configuration list for PBXProject "Vererbung Grundlagen" */;
			compatibilityVersion = "Xcode 9.3";
			developmentRegion = en;
			hasScannedForEncodings = 0;
			knownRegions = (
				en,
			);
			mainGroup = AA34A4262149432C00115153;
			productRefGroup = AA34A4302149432C00115153 /* Products */;
			projectDirPath = "";
			projectRoot = "";
			targets = (
				AA34A42E2149432C00115153 /* Vererbung Grundlagen */,
			);
		};
/* End PBXProject section */

/* Begin PBXSourcesBuildPhase section */
		AA34A42B2149432C00115153 /* Sources */ = {
			isa = PBXSourcesBuildPhase;
			buildActionMask = 2147483647;
			files = (
				AA34A43E2149443500115153 /* LKW.swift in Sources */,
				AA34A4332149432C00115153 /* main.swift in Sources */,
				AA217DCA214A42BB0059F7B1 /* Fahrzeug.swift in Sources */,
				AA34A43A2149442400115153 /* Auto.swift in Sources */,
				AA34A43C2149443000115153 /* Bagger.swift in Sources */,
			);
			runOnlyForDeploymentPostprocessing = 0;
		};
/* End PBXSourcesBuildPhase section */

/* Begin XCBuildConfiguration section */
		AA34A4342149432C00115153 /* Debug */ = {
			isa = XCBuildConfiguration;
			buildSettings = {
				ALWAYS_SEARCH_USER_PATHS = NO;
				CLANG_ANALYZER_NONNULL = YES;
				CLANG_ANALYZER_NUMBER_OBJECT_CONVERSION = YES_AGGRESSIVE;
				CLANG_CXX_LANGUAGE_STANDARD = "gnu++14";
				CLANG_CXX_LIBRARY = "libc++";
				CLANG_ENABLE_MODULES = YES;
				CLANG_ENABLE_OBJC_ARC = YES;
				CLANG_ENABLE_OBJC_WEAK = YES;
				CLANG_WARN_BLOCK_CAPTURE_AUTORELEASING = YES;
				CLANG_WARN_BOOL_CONVERSION = YES;
				CLANG_WARN_COMMA = YES;
				CLANG_WARN_CONSTANT_CONVERSION = YES;
				CLANG_WARN_DEPRECATED_OBJC_IMPLEMENTATIONS = YES;
				CLANG_WARN_DIRECT_OBJC_ISA_USAGE = YES_ERROR;
				CLANG_WARN_DOCUMENTATION_COMMENTS = YES;
				CLANG_WARN_EMPTY_BODY = YES;
				CLANG_WARN_ENUM_CONVERSION = YES;
				CLANG_WARN_INFINITE_RECURSION = YES;
				CLANG_WARN_INT_CONVERSION = YES;
				CLANG_WARN_NON_LITERAL_NULL_CONVERSION = YES;
				CLANG_WARN_OBJC_IMPLICIT_RETAIN_SELF = YES;
				CLANG_WARN_OBJC_LITERAL_CONVERSION = YES;
				CLANG_WARN_OBJC_ROOT_CLASS = YES_ERROR;
				CLANG_WARN_RANGE_LOOP_ANALYSIS = YES;
				CLANG_WARN_STRICT_PROTOTYPES = YES;
				CLANG_WARN_SUSPICIOUS_MOVE = YES;
				CLANG_WARN_UNGUARDED_AVAILABILITY = YES_AGGRESSIVE;
				CLANG_WARN_UNREACHABLE_CODE = YES;
				CLANG_WARN__DUPLICATE_METHOD_MATCH = YES;
				CODE_SIGN_IDENTITY = "-";
				COPY_PHASE_STRIP = NO;
				DEBUG_INFORMATION_FORMAT = dwarf;
				ENABLE_STRICT_OBJC_MSGSEND = YES;
				ENABLE_TESTABILITY = YES;
				GCC_C_LANGUAGE_STANDARD = gnu11;
				GCC_DYNAMIC_NO_PIC = NO;
				GCC_NO_COMMON_BLOCKS = YES;
				GCC_OPTIMIZATION_LEVEL = 0;
				GCC_PREPROCESSOR_DEFINITIONS = (
					"DEBUG=1",
					"$(inherited)",
				);
				GCC_WARN_64_TO_32_BIT_CONVERSION = YES;
				GCC_WARN_ABOUT_RETURN_TYPE = YES_ERROR;
				GCC_WARN_UNDECLARED_SELECTOR = YES;
				GCC_WARN_UNINITIALIZED_AUTOS = YES_AGGRESSIVE;
				GCC_WARN_UNUSED_FUNCTION = YES;
				GCC_WARN_UNUSED_VARIABLE = YES;
				MACOSX_DEPLOYMENT_TARGET = 10.13;
				MTL_ENABLE_DEBUG_INFO = INCLUDE_SOURCE;
				ONLY_ACTIVE_ARCH = YES;
				SDKROOT = macosx;
				SWIFT_ACTIVE_COMPILATION_CONDITIONS = DEBUG;
				SWIFT_OPTIMIZATION_LEVEL = "-Onone";
			};
			name = Debug;
		};
		AA34A4352149432C00115153 /* Release */ = {
			isa = XCBuildConfiguration;
			buildSettings = {
				ALWAYS_SEARCH_USER_PATHS = NO;
				CLANG_ANALYZER_NONNULL = YES;
				CLANG_ANALYZER_NUMBER_OBJECT_CONVERSION = YES_AGGRESSIVE;
				CLANG_CXX_LANGUAGE_STANDARD = "gnu++14";
				CLANG_CXX_LIBRARY = "libc++";
				CLANG_ENABLE_MODULES = YES;
				CLANG_ENABLE_OBJC_ARC = YES;
				CLANG_ENABLE_OBJC_WEAK = YES;
				CLANG_WARN_BLOCK_CAPTURE_AUTORELEASING = YES;
				CLANG_WARN_BOOL_CONVERSION = YES;
				CLANG_WARN_COMMA = YES;
				CLANG_WARN_CONSTANT_CONVERSION = YES;
				CLANG_WARN_DEPRECATED_OBJC_IMPLEMENTATIONS = YES;
				CLANG_WARN_DIRECT_OBJC_ISA_USAGE = YES_ERROR;
				CLANG_WARN_DOCUMENTATION_COMMENTS = YES;
				CLANG_WARN_EMPTY_BODY = YES;
				CLANG_WARN_ENUM_CONVERSION = YES;
				CLANG_WARN_INFINITE_RECURSION = YES;
				CLANG_WARN_INT_CONVERSION = YES;
				CLANG_WARN_NON_LITERAL_NULL_CONVERSION = YES;
				CLANG_WARN_OBJC_IMPLICIT_RETAIN_SELF = YES;
				CLANG_WARN_OBJC_LITERAL_CONVERSION = YES;
				CLANG_WARN_OBJC_ROOT_CLASS = YES_ERROR;
				CLANG_WARN_RANGE_LOOP_ANALYSIS = YES;
				CLANG_WARN_STRICT_PROTOTYPES = YES;
				CLANG_WARN_SUSPICIOUS_MOVE = YES;
				CLANG_WARN_UNGUARDED_AVAILABILITY = YES_AGGRESSIVE;
				CLANG_WARN_UNREACHABLE_CODE = YES;
				CLANG_WARN__DUPLICATE_METHOD_MATCH = YES;
				CODE_SIGN_IDENTITY = "-";
				COPY_PHASE_STRIP = NO;
				DEBUG_INFORMATION_FORMAT = "dwarf-with-dsym";
				ENABLE_NS_ASSERTIONS = NO;
				ENABLE_STRICT_OBJC_MSGSEND = YES;
				GCC_C_LANGUAGE_STANDARD = gnu11;
				GCC_NO_COMMON_BLOCKS = YES;
				GCC_WARN_64_TO_32_BIT_CONVERSION = YES;
				GCC_WARN_ABOUT_RETURN_TYPE = YES_ERROR;
				GCC_WARN_UNDECLARED_SELECTOR = YES;
				GCC_WARN_UNINITIALIZED_AUTOS = YES_AGGRESSIVE;
				GCC_WARN_UNUSED_FUNCTION = YES;
				GCC_WARN_UNUSED_VARIABLE = YES;
				MACOSX_DEPLOYMENT_TARGET = 10.13;
				MTL_ENABLE_DEBUG_INFO = NO;
				SDKROOT = macosx;
				SWIFT_COMPILATION_MODE = wholemodule;
				SWIFT_OPTIMIZATION_LEVEL = "-O";
			};
			name = Release;
		};
		AA34A4372149432C00115153 /* Debug */ = {
			isa = XCBuildConfiguration;
			buildSettings = {
				CODE_SIGN_STYLE = Automatic;
				PRODUCT_NAME = "$(TARGET_NAME)";
				SWIFT_VERSION = 4.2;
			};
			name = Debug;
		};
		AA34A4382149432C00115153 /* Release */ = {
			isa = XCBuildConfiguration;
			buildSettings = {
				CODE_SIGN_STYLE = Automatic;
				PRODUCT_NAME = "$(TARGET_NAME)";
				SWIFT_VERSION = 4.2;
			};
			name = Release;
		};
/* End XCBuildConfiguration section */

/* Begin XCConfigurationList section */
		AA34A42A2149432C00115153 /* Build configuration list for PBXProject "Vererbung Grundlagen" */ = {
			isa = XCConfigurationList;
			buildConfigurations = (
				AA34A4342149432C00115153 /* Debug */,
				AA34A4352149432C00115153 /* Release */,
			);
			defaultConfigurationIsVisible = 0;
			defaultConfigurationName = Release;
		};
		AA34A4362149432C00115153 /* Build configuration list for PBXNativeTarget "Vererbung Grundlagen" */ = {
			isa = XCConfigurationList;
			buildConfigurations = (
				AA34A4372149432C00115153 /* Debug */,
				AA34A4382149432C00115153 /* Release */,
			);
			defaultConfigurationIsVisible = 0;
			defaultConfigurationName = Release;
		};
/* End XCConfigurationList section */
	};
	rootObject = AA34A4272149432C00115153 /* Project object */;
}
